
Microsoft Visual Studio Solution File, Format Version 12.00
# Visual Studio Version 17
VisualStudioVersion = 17.14.36310.24 d17.14
MinimumVisualStudioVersion = 10.0.40219.1
Project("{FAE04EC0-301F-11D3-BF4B-00C04F79EFBC}") = "DMSWebPortal", "DMSWebPortal\DMSWebPortal.csproj", "{144B50FC-47CE-4DE6-BC2F-9E173553A534}"
EndProject
Global
	GlobalSection(SolutionConfigurationPlatforms) = preSolution
		Debug|Any CPU = Debug|Any CPU
		Release|Any CPU = Release|Any CPU
	EndGlobalSection
	GlobalSection(ProjectConfigurationPlatforms) = postSolution
		{144B50FC-47CE-4DE6-BC2F-9E173553A534}.Debug|Any CPU.ActiveCfg = Debug|Any CPU
		{144B50FC-47CE-4DE6-BC2F-9E173553A534}.Debug|Any CPU.Build.0 = Debug|Any CPU
		{144B50FC-47CE-4DE6-BC2F-9E173553A534}.Release|Any CPU.ActiveCfg = Release|Any CPU
		{144B50FC-47CE-4DE6-BC2F-9E173553A534}.Release|Any CPU.Build.0 = Release|Any CPU
	EndGlobalSection
	GlobalSection(SolutionProperties) = preSolution
		HideSolutionNode = FALSE
	EndGlobalSection
	GlobalSection(ExtensibilityGlobals) = postSolution
		SolutionGuid = {3B8B3843-7FF3-4E4A-B7AD-18C9AFA1FDFB}
	EndGlobalSection
EndGlobal
